
Microsoft Visual Studio Solution File, Format Version 12.00
# Visual Studio Version 16
VisualStudioVersion = 16.0.31402.337
MinimumVisualStudioVersion = 10.0.40219.1
Project("{FAE04EC0-301F-11D3-BF4B-00C04F79EFBC}") = "Test.Ing.DAO", "Test.Ing.DAO\Test.Ing.DAO.csproj", "{4B8B2984-B481-4F6F-A66D-3188E7485D7F}"
EndProject
Project("{FAE04EC0-301F-11D3-BF4B-00C04F79EFBC}") = "Test.Ing.Console", "Test.Ing.Console\Test.Ing.Console.csproj", "{DDB12BDB-708F-4C0B-9275-DF712D6BDFDD}"
EndProject
Project("{FAE04EC0-301F-11D3-BF4B-00C04F79EFBC}") = "Test.Ing.Web.MVC", "Test.Ing.Web.MVC\Test.Ing.Web.MVC.csproj", "{7ED03FA7-3A70-4028-97B6-BB763FD72AD1}"
EndProject
Global
	GlobalSection(SolutionConfigurationPlatforms) = preSolution
		Debug|Any CPU = Debug|Any CPU
		Release|Any CPU = Release|Any CPU
	EndGlobalSection
	GlobalSection(ProjectConfigurationPlatforms) = postSolution
		{4B8B2984-B481-4F6F-A66D-3188E7485D7F}.Debug|Any CPU.ActiveCfg = Debug|Any CPU
		{4B8B2984-B481-4F6F-A66D-3188E7485D7F}.Debug|Any CPU.Build.0 = Debug|Any CPU
		{4B8B2984-B481-4F6F-A66D-3188E7485D7F}.Release|Any CPU.ActiveCfg = Release|Any CPU
		{4B8B2984-B481-4F6F-A66D-3188E7485D7F}.Release|Any CPU.Build.0 = Release|Any CPU
		{DDB12BDB-708F-4C0B-9275-DF712D6BDFDD}.Debug|Any CPU.ActiveCfg = Debug|Any CPU
		{DDB12BDB-708F-4C0B-9275-DF712D6BDFDD}.Debug|Any CPU.Build.0 = Debug|Any CPU
		{DDB12BDB-708F-4C0B-9275-DF712D6BDFDD}.Release|Any CPU.ActiveCfg = Release|Any CPU
		{DDB12BDB-708F-4C0B-9275-DF712D6BDFDD}.Release|Any CPU.Build.0 = Release|Any CPU
		{7ED03FA7-3A70-4028-97B6-BB763FD72AD1}.Debug|Any CPU.ActiveCfg = Debug|Any CPU
		{7ED03FA7-3A70-4028-97B6-BB763FD72AD1}.Debug|Any CPU.Build.0 = Debug|Any CPU
		{7ED03FA7-3A70-4028-97B6-BB763FD72AD1}.Release|Any CPU.ActiveCfg = Release|Any CPU
		{7ED03FA7-3A70-4028-97B6-BB763FD72AD1}.Release|Any CPU.Build.0 = Release|Any CPU
	EndGlobalSection
	GlobalSection(SolutionProperties) = preSolution
		HideSolutionNode = FALSE
	EndGlobalSection
	GlobalSection(ExtensibilityGlobals) = postSolution
		SolutionGuid = {A969C75D-A4CF-472D-906E-78A50D9F3982}
	EndGlobalSection
EndGlobal
